
Microsoft Visual Studio Solution File, Format Version 12.00
# Visual Studio Version 17
VisualStudioVersion = 17.10.35122.118
MinimumVisualStudioVersion = 10.0.40219.1
Project("{2150E333-8FDC-42A3-9474-1A3956D46DE8}") = "Core", "Core", "{725CFC89-9063-47E7-8A19-788F955A18F9}"
EndProject
Project("{FAE04EC0-301F-11D3-BF4B-00C04F79EFBC}") = "CarbookDomain", "CarbookDomain\CarbookDomain.csproj", "{20C679DB-CB15-44C7-91BB-A7C56621CB4D}"
EndProject
Global
	GlobalSection(SolutionConfigurationPlatforms) = preSolution
		Debug|Any CPU = Debug|Any CPU
		Release|Any CPU = Release|Any CPU
	EndGlobalSection
	GlobalSection(ProjectConfigurationPlatforms) = postSolution
		{20C679DB-CB15-44C7-91BB-A7C56621CB4D}.Debug|Any CPU.ActiveCfg = Debug|Any CPU
		{20C679DB-CB15-44C7-91BB-A7C56621CB4D}.Debug|Any CPU.Build.0 = Debug|Any CPU
		{20C679DB-CB15-44C7-91BB-A7C56621CB4D}.Release|Any CPU.ActiveCfg = Release|Any CPU
		{20C679DB-CB15-44C7-91BB-A7C56621CB4D}.Release|Any CPU.Build.0 = Release|Any CPU
	EndGlobalSection
	GlobalSection(SolutionProperties) = preSolution
		HideSolutionNode = FALSE
	EndGlobalSection
	GlobalSection(NestedProjects) = preSolution
		{20C679DB-CB15-44C7-91BB-A7C56621CB4D} = {725CFC89-9063-47E7-8A19-788F955A18F9}
	EndGlobalSection
	GlobalSection(ExtensibilityGlobals) = postSolution
		SolutionGuid = {DEF524FE-2EEE-4FDD-B41D-37E9FEFA13AC}
	EndGlobalSection
EndGlobal
